2af6dd9694288e6befe1edb7ce25510911693c22 vendor/imgui (detached) *
567b1ec2442d59525e24c19e8d413df6baf02496 vendor/glfw (master)
d0e97b2adc3d3452d72c750c7305dc0291acd052 vendor/imguifiledialog (master)
e4bdf1be72353316b8e209111aa4d946e2aefc19 vendor/json (develop)
6f14f4792a0cde5d0cf2c910506724d61cb95834 vendor/glm (master)
6613132cb0859a8e288eeaffec9f9e638b834cd2 vendor/luaaa (master)
31c1ad37456438565541f4919958214b6e762fb4 vendor/stb (master)
44c05e5d12f2b8b86b9730bb50f27daf74143782 vendor/libgit2 (detached)
210b5a399a64270674560d633638952d1e8d804d vendor/iconfontcppheaders (detached)
d1d1b6ffabc0d41d6c0d8a845e85e0b810e9e983 vendor/spdlog (v1.x)
be8aa4aeab86b402701c8c1df011bd8cd776760b vendor/imguizmo (master)
7f88a689f783b5f628a2c446ccc2e7198e732dfe vendor/imgui_markdown (detached)
eb36902c892548ef94f88f51ad7e7c9c7058a71c vendor/imnodes (master)
dc98bfbe6064d851e32428db83b06732a448810b vendor/openal-soft (master)
82d315e34ac419a81caccf470cc2fbc2ec8ee524 misc/doxygen-awesome-css (detached)
79d412ea5fcf92f0efe658d52827a0e0a96ff442 vendor/wasm3 (detached)
edbb3064b2ee7ed42ffc5a4b9e0b8c3616d54cbf vendor/libintl-lite (master) *
0e9ab23eb4a969bd71725d89797dcd8a5a33a7e1 vendor/zip (detached) *
abc3784e3927c5e9866e123707883e3b8e1e2d76 vendor/assimp (heads/master)
e640dc93c79e1b930e320853a5f9f65fa489158d vendor/libuv (v1.x)
b791330f4323c1fccc8c3fe8ec5bda56e2fab221 vendor/imgui_test_engine (detached)
d65a2bef53d32502407de3a4be80f191e2f412d7 vendor/implot (master)
