e33069ce56d07751ca875eb239f41febef0ebcd3 vendor/imgui (docking)
e7ea71be039836da3a98cea55ae5569cb5eb885c vendor/glfw (master)
cd5d354cbfdda389422494fa47fced59ad4d25a7 vendor/imguifiledialog (master)
230bfd15a2bb7f01ebb3fcd3cf898b697ef43c48 vendor/json (develop)
2d4c4b4dd31fde06cfffad7915c2b3006402322f vendor/glm (master)
6613132cb0859a8e288eeaffec9f9e638b834cd2 vendor/luaaa (master)
802cd454f25469d3123e678af41364153c132c2a vendor/stb (master)
21a351b0ed207d0871cb23e09c027d1ee42eae98 vendor/libgit2 (main)
c92a21fd5ec978c39771f10c31327a4dd02e8821 vendor/iconfontcppheaders (main)
b18a234ed6af38638678a3338c0d7ed90210ae6c vendor/spdlog (v1.x)
2310acda820d7383d4c4884b7945ada92cd16a47 vendor/imguizmo (master)
85cd6062e041fa66d69426ed23b5495d329345ab vendor/imgui_markdown (main)
8563e1655bd9bb1f249e6552cc6274d506ee788b vendor/imnodes (master)
0d19b8f7e1c7a86615fc8aef90e71a9038eb9009 vendor/openal-soft (master)
9760c30014131f4eacb8e96f15f3869c7bc5dd8c misc/doxygen-awesome-css (main)
79d412ea5fcf92f0efe658d52827a0e0a96ff442 vendor/wasm3 (main)
ba1514607d02ce3711d828e784a7e9e2bb25aa84 vendor/libintl-lite (master) *
